// !$*UTF8*$!
{
	archiveVersion = 1;
	classes = {
	};
	objectVersion = 46;
	objects = {

/* Begin PBXBuildFile section */
		80ABE3201DD6F57C0014F302 /* main.m in Sources */ = {isa = PBXBuildFile; fileRef = 80ABE31F1DD6F57C0014F302 /* main.m */; };
		80ABE3231DD6F57C0014F302 /* AppDelegate.m in Sources */ = {isa = PBXBuildFile; fileRef = 80ABE3221DD6F57C0014F302 /* AppDelegate.m */; };
		80ABE3261DD6F57C0014F302 /* LoginViewController.m in Sources */ = {isa = PBXBuildFile; fileRef = 80ABE3251DD6F57C0014F302 /* LoginViewController.m */; };
		80ABE3291DD6F57C0014F302 /* Main.storyboard in Resources */ = {isa = PBXBuildFile; fileRef = 80ABE3271DD6F57C0014F302 /* Main.storyboard */; };
		80ABE32B1DD6F57C0014F302 /* Assets.xcassets in Resources */ = {isa = PBXBuildFile; fileRef = 80ABE32A1DD6F57C0014F302 /* Assets.xcassets */; };
		80ABE32E1DD6F57C0014F302 /* LaunchScreen.storyboard in Resources */ = {isa = PBXBuildFile; fileRef = 80ABE32C1DD6F57C0014F302 /* LaunchScreen.storyboard */; };
		80ABE33C1DD720340014F302 /* CharitiesViewController.m in Sources */ = {isa = PBXBuildFile; fileRef = 80ABE33B1DD720340014F302 /* CharitiesViewController.m */; };
		80ABE3441DD72FCA0014F302 /* ServerProtocol.m in Sources */ = {isa = PBXBuildFile; fileRef = 80ABE3431DD72FCA0014F302 /* ServerProtocol.m */; };
		80ABE3491DD73A740014F302 /* RegisterViewController.m in Sources */ = {isa = PBXBuildFile; fileRef = 80ABE3481DD73A740014F302 /* RegisterViewController.m */; };
		80ABE34C1DD73E4E0014F302 /* Utils.m in Sources */ = {isa = PBXBuildFile; fileRef = 80ABE34B1DD73E4E0014F302 /* Utils.m */; };
		80ABE3501DD7C94A0014F302 /* CharityViewController.m in Sources */ = {isa = PBXBuildFile; fileRef = 80ABE34F1DD7C94A0014F302 /* CharityViewController.m */; };
		80ABE3571DD838BC0014F302 /* FirstViewController.m in Sources */ = {isa = PBXBuildFile; fileRef = 80ABE3561DD838BC0014F302 /* FirstViewController.m */; };
		80ABE35A1DD86F830014F302 /* TabBarController.m in Sources */ = {isa = PBXBuildFile; fileRef = 80ABE3591DD86F830014F302 /* TabBarController.m */; };
		80ABE35D1DD898540014F302 /* FireActivityIndicator.m in Sources */ = {isa = PBXBuildFile; fileRef = 80ABE35C1DD898540014F302 /* FireActivityIndicator.m */; };
		80ABE3601DD8AFAF0014F302 /* ProfileViewController.m in Sources */ = {isa = PBXBuildFile; fileRef = 80ABE35F1DD8AFAF0014F302 /* ProfileViewController.m */; };
/* End PBXBuildFile section */

/* Begin PBXFileReference section */
		80ABE31B1DD6F57C0014F302 /* Boost.app */ = {isa = PBXFileReference; explicitFileType = wrapper.application; includeInIndex = 0; path = Boost.app; sourceTree = BUILT_PRODUCTS_DIR; };
		80ABE31F1DD6F57C0014F302 /* main.m */ = {isa = PBXFileReference; lastKnownFileType = sourcecode.c.objc; path = main.m; sourceTree = "<group>"; };
		80ABE3211DD6F57C0014F302 /* AppDelegate.h */ = {isa = PBXFileReference; lastKnownFileType = sourcecode.c.h; path = AppDelegate.h; sourceTree = "<group>"; };
		80ABE3221DD6F57C0014F302 /* AppDelegate.m */ = {isa = PBXFileReference; lastKnownFileType = sourcecode.c.objc; path = AppDelegate.m; sourceTree = "<group>"; };
		80ABE3241DD6F57C0014F302 /* LoginViewController.h */ = {isa = PBXFileReference; lastKnownFileType = sourcecode.c.h; path = LoginViewController.h; sourceTree = "<group>"; };
		80ABE3251DD6F57C0014F302 /* LoginViewController.m */ = {isa = PBXFileReference; lastKnownFileType = sourcecode.c.objc; path = LoginViewController.m; sourceTree = "<group>"; };
		80ABE3281DD6F57C0014F302 /* Base */ = {isa = PBXFileReference; lastKnownFileType = file.storyboard; name = Base; path = Base.lproj/Main.storyboard; sourceTree = "<group>"; };
		80ABE32A1DD6F57C0014F302 /* Assets.xcassets */ = {isa = PBXFileReference; lastKnownFileType = folder.assetcatalog; path = Assets.xcassets; sourceTree = "<group>"; };
		80ABE32D1DD6F57C0014F302 /* Base */ = {isa = PBXFileReference; lastKnownFileType = file.storyboard; name = Base; path = Base.lproj/LaunchScreen.storyboard; sourceTree = "<group>"; };
		80ABE32F1DD6F57C0014F302 /* Info.plist */ = {isa = PBXFileReference; lastKnownFileType = text.plist.xml; path = Info.plist; sourceTree = "<group>"; };
		80ABE33A1DD720340014F302 /* CharitiesViewController.h */ = {isa = PBXFileReference; fileEncoding = 4; lastKnownFileType = sourcecode.c.h; path = CharitiesViewController.h; sourceTree = "<group>"; };
		80ABE33B1DD720340014F302 /* CharitiesViewController.m */ = {isa = PBXFileReference; fileEncoding = 4; lastKnownFileType = sourcecode.c.objc; path = CharitiesViewController.m; sourceTree = "<group>"; };
		80ABE3421DD72FCA0014F302 /* ServerProtocol.h */ = {isa = PBXFileReference; fileEncoding = 4; lastKnownFileType = sourcecode.c.h; path = ServerProtocol.h; sourceTree = "<group>"; };
		80ABE3431DD72FCA0014F302 /* ServerProtocol.m */ = {isa = PBXFileReference; fileEncoding = 4; lastKnownFileType = sourcecode.c.objc; path = ServerProtocol.m; sourceTree = "<group>"; };
		80ABE3471DD73A740014F302 /* RegisterViewController.h */ = {isa = PBXFileReference; fileEncoding = 4; lastKnownFileType = sourcecode.c.h; path = RegisterViewController.h; sourceTree = "<group>"; };
		80ABE3481DD73A740014F302 /* RegisterViewController.m */ = {isa = PBXFileReference; fileEncoding = 4; lastKnownFileType = sourcecode.c.objc; path = RegisterViewController.m; sourceTree = "<group>"; };
		80ABE34A1DD73E4E0014F302 /* Utils.h */ = {isa = PBXFileReference; fileEncoding = 4; lastKnownFileType = sourcecode.c.h; path = Utils.h; sourceTree = "<group>"; };
		80ABE34B1DD73E4E0014F302 /* Utils.m */ = {isa = PBXFileReference; fileEncoding = 4; lastKnownFileType = sourcecode.c.objc; path = Utils.m; sourceTree = "<group>"; };
		80ABE34D1DD786AB0014F302 /* ServerProtocolDelegate.h */ = {isa = PBXFileReference; fileEncoding = 4; lastKnownFileType = sourcecode.c.h; path = ServerProtocolDelegate.h; sourceTree = "<group>"; };
		80ABE34E1DD7C94A0014F302 /* CharityViewController.h */ = {isa = PBXFileReference; fileEncoding = 4; lastKnownFileType = sourcecode.c.h; path = CharityViewController.h; sourceTree = "<group>"; };
		80ABE34F1DD7C94A0014F302 /* CharityViewController.m */ = {isa = PBXFileReference; fileEncoding = 4; lastKnownFileType = sourcecode.c.objc; path = CharityViewController.m; sourceTree = "<group>"; };
		80ABE3551DD838BC0014F302 /* FirstViewController.h */ = {isa = PBXFileReference; fileEncoding = 4; lastKnownFileType = sourcecode.c.h; path = FirstViewController.h; sourceTree = "<group>"; };
		80ABE3561DD838BC0014F302 /* FirstViewController.m */ = {isa = PBXFileReference; fileEncoding = 4; lastKnownFileType = sourcecode.c.objc; path = FirstViewController.m; sourceTree = "<group>"; };
		80ABE3581DD86F830014F302 /* TabBarController.h */ = {isa = PBXFileReference; fileEncoding = 4; lastKnownFileType = sourcecode.c.h; path = TabBarController.h; sourceTree = "<group>"; };
		80ABE3591DD86F830014F302 /* TabBarController.m */ = {isa = PBXFileReference; fileEncoding = 4; lastKnownFileType = sourcecode.c.objc; path = TabBarController.m; sourceTree = "<group>"; };
		80ABE35B1DD898540014F302 /* FireActivityIndicator.h */ = {isa = PBXFileReference; fileEncoding = 4; lastKnownFileType = sourcecode.c.h; path = FireActivityIndicator.h; sourceTree = "<group>"; };
		80ABE35C1DD898540014F302 /* FireActivityIndicator.m */ = {isa = PBXFileReference; fileEncoding = 4; lastKnownFileType = sourcecode.c.objc; path = FireActivityIndicator.m; sourceTree = "<group>"; };
		80ABE35E1DD8AFAF0014F302 /* ProfileViewController.h */ = {isa = PBXFileReference; fileEncoding = 4; lastKnownFileType = sourcecode.c.h; path = ProfileViewController.h; sourceTree = "<group>"; };
		80ABE35F1DD8AFAF0014F302 /* ProfileViewController.m */ = {isa = PBXFileReference; fileEncoding = 4; lastKnownFileType = sourcecode.c.objc; path = ProfileViewController.m; sourceTree = "<group>"; };
/* End PBXFileReference section */

/* Begin PBXFrameworksBuildPhase section */
		80ABE3181DD6F57C0014F302 /* Frameworks */ = {
			isa = PBXFrameworksBuildPhase;
			buildActionMask = 2147483647;
			files = (
			);
			runOnlyForDeploymentPostprocessing = 0;
		};
/* End PBXFrameworksBuildPhase section */

/* Begin PBXGroup section */
		80ABE3121DD6F57C0014F302 = {
			isa = PBXGroup;
			children = (
				80ABE31D1DD6F57C0014F302 /* Boost */,
				80ABE31C1DD6F57C0014F302 /* Products */,
			);
			sourceTree = "<group>";
		};
		80ABE31C1DD6F57C0014F302 /* Products */ = {
			isa = PBXGroup;
			children = (
				80ABE31B1DD6F57C0014F302 /* Boost.app */,
			);
			name = Products;
			sourceTree = "<group>";
		};
		80ABE31D1DD6F57C0014F302 /* Boost */ = {
			isa = PBXGroup;
			children = (
				80ABE3211DD6F57C0014F302 /* AppDelegate.h */,
				80ABE3221DD6F57C0014F302 /* AppDelegate.m */,
				80ABE3241DD6F57C0014F302 /* LoginViewController.h */,
				80ABE3251DD6F57C0014F302 /* LoginViewController.m */,
				80ABE3271DD6F57C0014F302 /* Main.storyboard */,
				80ABE32A1DD6F57C0014F302 /* Assets.xcassets */,
				80ABE32C1DD6F57C0014F302 /* LaunchScreen.storyboard */,
				80ABE32F1DD6F57C0014F302 /* Info.plist */,
				80ABE31E1DD6F57C0014F302 /* Supporting Files */,
				80ABE33A1DD720340014F302 /* CharitiesViewController.h */,
				80ABE33B1DD720340014F302 /* CharitiesViewController.m */,
				80ABE3421DD72FCA0014F302 /* ServerProtocol.h */,
				80ABE3431DD72FCA0014F302 /* ServerProtocol.m */,
				80ABE3471DD73A740014F302 /* RegisterViewController.h */,
				80ABE3481DD73A740014F302 /* RegisterViewController.m */,
				80ABE34A1DD73E4E0014F302 /* Utils.h */,
				80ABE34B1DD73E4E0014F302 /* Utils.m */,
				80ABE34D1DD786AB0014F302 /* ServerProtocolDelegate.h */,
				80ABE34E1DD7C94A0014F302 /* CharityViewController.h */,
				80ABE34F1DD7C94A0014F302 /* CharityViewController.m */,
				80ABE3551DD838BC0014F302 /* FirstViewController.h */,
				80ABE3561DD838BC0014F302 /* FirstViewController.m */,
				80ABE3581DD86F830014F302 /* TabBarController.h */,
				80ABE3591DD86F830014F302 /* TabBarController.m */,
				80ABE35B1DD898540014F302 /* FireActivityIndicator.h */,
				80ABE35C1DD898540014F302 /* FireActivityIndicator.m */,
				80ABE35E1DD8AFAF0014F302 /* ProfileViewController.h */,
				80ABE35F1DD8AFAF0014F302 /* ProfileViewController.m */,
			);
			path = Boost;
			sourceTree = "<group>";
		};
		80ABE31E1DD6F57C0014F302 /* Supporting Files */ = {
			isa = PBXGroup;
			children = (
				80ABE31F1DD6F57C0014F302 /* main.m */,
			);
			name = "Supporting Files";
			sourceTree = "<group>";
		};
/* End PBXGroup section */

/* Begin PBXNativeTarget section */
		80ABE31A1DD6F57C0014F302 /* Boost */ = {
			isa = PBXNativeTarget;
			buildConfigurationList = 80ABE3321DD6F57C0014F302 /* Build configuration list for PBXNativeTarget "Boost" */;
			buildPhases = (
				80ABE3171DD6F57C0014F302 /* Sources */,
				80ABE3181DD6F57C0014F302 /* Frameworks */,
				80ABE3191DD6F57C0014F302 /* Resources */,
			);
			buildRules = (
			);
			dependencies = (
			);
			name = Boost;
			productName = Boost;
			productReference = 80ABE31B1DD6F57C0014F302 /* Boost.app */;
			productType = "com.apple.product-type.application";
		};
/* End PBXNativeTarget section */

/* Begin PBXProject section */
		80ABE3131DD6F57C0014F302 /* Project object */ = {
			isa = PBXProject;
			attributes = {
				LastUpgradeCheck = 0810;
				ORGANIZATIONNAME = "Stiven Deleur";
				TargetAttributes = {
					80ABE31A1DD6F57C0014F302 = {
						CreatedOnToolsVersion = 8.1;
						DevelopmentTeam = JP6WHVYWBA;
						ProvisioningStyle = Automatic;
					};
				};
			};
			buildConfigurationList = 80ABE3161DD6F57C0014F302 /* Build configuration list for PBXProject "Boost" */;
			compatibilityVersion = "Xcode 3.2";
			developmentRegion = English;
			hasScannedForEncodings = 0;
			knownRegions = (
				en,
				Base,
			);
			mainGroup = 80ABE3121DD6F57C0014F302;
			productRefGroup = 80ABE31C1DD6F57C0014F302 /* Products */;
			projectDirPath = "";
			projectRoot = "";
			targets = (
				80ABE31A1DD6F57C0014F302 /* Boost */,
			);
		};
/* End PBXProject section */

/* Begin PBXResourcesBuildPhase section */
		80ABE3191DD6F57C0014F302 /* Resources */ = {
			isa = PBXResourcesBuildPhase;
			buildActionMask = 2147483647;
			files = (
				80ABE32E1DD6F57C0014F302 /* LaunchScreen.storyboard in Resources */,
				80ABE32B1DD6F57C0014F302 /* Assets.xcassets in Resources */,
				80ABE3291DD6F57C0014F302 /* Main.storyboard in Resources */,
			);
			runOnlyForDeploymentPostprocessing = 0;
		};
/* End PBXResourcesBuildPhase section */

/* Begin PBXSourcesBuildPhase section */
		80ABE3171DD6F57C0014F302 /* Sources */ = {
			isa = PBXSourcesBuildPhase;
			buildActionMask = 2147483647;
			files = (
				80ABE3491DD73A740014F302 /* RegisterViewController.m in Sources */,
				80ABE34C1DD73E4E0014F302 /* Utils.m in Sources */,
				80ABE33C1DD720340014F302 /* CharitiesViewController.m in Sources */,
				80ABE35A1DD86F830014F302 /* TabBarController.m in Sources */,
				80ABE3261DD6F57C0014F302 /* LoginViewController.m in Sources */,
				80ABE3231DD6F57C0014F302 /* AppDelegate.m in Sources */,
				80ABE3441DD72FCA0014F302 /* ServerProtocol.m in Sources */,
				80ABE3601DD8AFAF0014F302 /* ProfileViewController.m in Sources */,
				80ABE3571DD838BC0014F302 /* FirstViewController.m in Sources */,
				80ABE3501DD7C94A0014F302 /* CharityViewController.m in Sources */,
				80ABE3201DD6F57C0014F302 /* main.m in Sources */,
				80ABE35D1DD898540014F302 /* FireActivityIndicator.m in Sources */,
			);
			runOnlyForDeploymentPostprocessing = 0;
		};
/* End PBXSourcesBuildPhase section */

/* Begin PBXVariantGroup section */
		80ABE3271DD6F57C0014F302 /* Main.storyboard */ = {
			isa = PBXVariantGroup;
			children = (
				80ABE3281DD6F57C0014F302 /* Base */,
			);
			name = Main.storyboard;
			sourceTree = "<group>";
		};
		80ABE32C1DD6F57C0014F302 /* LaunchScreen.storyboard */ = {
			isa = PBXVariantGroup;
			children = (
				80ABE32D1DD6F57C0014F302 /* Base */,
			);
			name = LaunchScreen.storyboard;
			sourceTree = "<group>";
		};
/* End PBXVariantGroup section */

/* Begin XCBuildConfiguration section */
		80ABE3301DD6F57C0014F302 /* Debug */ = {
			isa = XCBuildConfiguration;
			buildSettings = {
				ALWAYS_SEARCH_USER_PATHS = NO;
				CLANG_ANALYZER_NONNULL = YES;
				CLANG_CXX_LANGUAGE_STANDARD = "gnu++0x";
				CLANG_CXX_LIBRARY = "libc++";
				CLANG_ENABLE_MODULES = YES;
				CLANG_ENABLE_OBJC_ARC = YES;
				CLANG_WARN_BOOL_CONVERSION = YES;
				CLANG_WARN_CONSTANT_CONVERSION = YES;
				CLANG_WARN_DIRECT_OBJC_ISA_USAGE = YES_ERROR;
				CLANG_WARN_DOCUMENTATION_COMMENTS = YES;
				CLANG_WARN_EMPTY_BODY = YES;
				CLANG_WARN_ENUM_CONVERSION = YES;
				CLANG_WARN_INFINITE_RECURSION = YES;
				CLANG_WARN_INT_CONVERSION = YES;
				CLANG_WARN_OBJC_ROOT_CLASS = YES_ERROR;
				CLANG_WARN_SUSPICIOUS_MOVES = YES;
				CLANG_WARN_UNREACHABLE_CODE = YES;
				CLANG_WARN__DUPLICATE_METHOD_MATCH = YES;
				"CODE_SIGN_IDENTITY[sdk=iphoneos*]" = "iPhone Developer";
				COPY_PHASE_STRIP = NO;
				DEBUG_INFORMATION_FORMAT = dwarf;
				ENABLE_STRICT_OBJC_MSGSEND = YES;
				ENABLE_TESTABILITY = YES;
				GCC_C_LANGUAGE_STANDARD = gnu99;
				GCC_DYNAMIC_NO_PIC = NO;
				GCC_NO_COMMON_BLOCKS = YES;
				GCC_OPTIMIZATION_LEVEL = 0;
				GCC_PREPROCESSOR_DEFINITIONS = (
					"DEBUG=1",
					"$(inherited)",
				);
				GCC_WARN_64_TO_32_BIT_CONVERSION = YES;
				GCC_WARN_ABOUT_RETURN_TYPE = YES_ERROR;
				GCC_WARN_UNDECLARED_SELECTOR = YES;
				GCC_WARN_UNINITIALIZED_AUTOS = YES_AGGRESSIVE;
				GCC_WARN_UNUSED_FUNCTION = YES;
				GCC_WARN_UNUSED_VARIABLE = YES;
				IPHONEOS_DEPLOYMENT_TARGET = 10.1;
				MTL_ENABLE_DEBUG_INFO = YES;
				ONLY_ACTIVE_ARCH = YES;
				SDKROOT = iphoneos;
				TARGETED_DEVICE_FAMILY = "1,2";
			};
			name = Debug;
		};
		80ABE3311DD6F57C0014F302 /* Release */ = {
			isa = XCBuildConfiguration;
			buildSettings = {
				ALWAYS_SEARCH_USER_PATHS = NO;
				CLANG_ANALYZER_NONNULL = YES;
				CLANG_CXX_LANGUAGE_STANDARD = "gnu++0x";
				CLANG_CXX_LIBRARY = "libc++";
				CLANG_ENABLE_MODULES = YES;
				CLANG_ENABLE_OBJC_ARC = YES;
				CLANG_WARN_BOOL_CONVERSION = YES;
				CLANG_WARN_CONSTANT_CONVERSION = YES;
				CLANG_WARN_DIRECT_OBJC_ISA_USAGE = YES_ERROR;
				CLANG_WARN_DOCUMENTATION_COMMENTS = YES;
				CLANG_WARN_EMPTY_BODY = YES;
				CLANG_WARN_ENUM_CONVERSION = YES;
				CLANG_WARN_INFINITE_RECURSION = YES;
				CLANG_WARN_INT_CONVERSION = YES;
				CLANG_WARN_OBJC_ROOT_CLASS = YES_ERROR;
				CLANG_WARN_SUSPICIOUS_MOVES = YES;
				CLANG_WARN_UNREACHABLE_CODE = YES;
				CLANG_WARN__DUPLICATE_METHOD_MATCH = YES;
				"CODE_SIGN_IDENTITY[sdk=iphoneos*]" = "iPhone Developer";
				COPY_PHASE_STRIP = NO;
				DEBUG_INFORMATION_FORMAT = "dwarf-with-dsym";
				ENABLE_NS_ASSERTIONS = NO;
				ENABLE_STRICT_OBJC_MSGSEND = YES;
				GCC_C_LANGUAGE_STANDARD = gnu99;
				GCC_NO_COMMON_BLOCKS = YES;
				GCC_WARN_64_TO_32_BIT_CONVERSION = YES;
				GCC_WARN_ABOUT_RETURN_TYPE = YES_ERROR;
				GCC_WARN_UNDECLARED_SELECTOR = YES;
				GCC_WARN_UNINITIALIZED_AUTOS = YES_AGGRESSIVE;
				GCC_WARN_UNUSED_FUNCTION = YES;
				GCC_WARN_UNUSED_VARIABLE = YES;
				IPHONEOS_DEPLOYMENT_TARGET = 10.1;
				MTL_ENABLE_DEBUG_INFO = NO;
				SDKROOT = iphoneos;
				TARGETED_DEVICE_FAMILY = "1,2";
				VALIDATE_PRODUCT = YES;
			};
			name = Release;
		};
		80ABE3331DD6F57C0014F302 /* Debug */ = {
			isa = XCBuildConfiguration;
			buildSettings = {
				ASSETCATALOG_COMPILER_APPICON_NAME = AppIcon;
				DEVELOPMENT_TEAM = JP6WHVYWBA;
				INFOPLIST_FILE = Boost/Info.plist;
				IPHONEOS_DEPLOYMENT_TARGET = 10.0;
				LD_RUNPATH_SEARCH_PATHS = "$(inherited) @executable_path/Frameworks";
				PRODUCT_BUNDLE_IDENTIFIER = com.deleurapps.Boost;
				PRODUCT_NAME = "$(TARGET_NAME)";
			};
			name = Debug;
		};
		80ABE3341DD6F57C0014F302 /* Release */ = {
			isa = XCBuildConfiguration;
			buildSettings = {
				ASSETCATALOG_COMPILER_APPICON_NAME = AppIcon;
				DEVELOPMENT_TEAM = JP6WHVYWBA;
				INFOPLIST_FILE = Boost/Info.plist;
				IPHONEOS_DEPLOYMENT_TARGET = 10.0;
				LD_RUNPATH_SEARCH_PATHS = "$(inherited) @executable_path/Frameworks";
				PRODUCT_BUNDLE_IDENTIFIER = com.deleurapps.Boost;
				PRODUCT_NAME = "$(TARGET_NAME)";
			};
			name = Release;
		};
/* End XCBuildConfiguration section */

/* Begin XCConfigurationList section */
		80ABE3161DD6F57C0014F302 /* Build configuration list for PBXProject "Boost" */ = {
			isa = XCConfigurationList;
			buildConfigurations = (
				80ABE3301DD6F57C0014F302 /* Debug */,
				80ABE3311DD6F57C0014F302 /* Release */,
			);
			defaultConfigurationIsVisible = 0;
			defaultConfigurationName = Release;
		};
		80ABE3321DD6F57C0014F302 /* Build configuration list for PBXNativeTarget "Boost" */ = {
			isa = XCConfigurationList;
			buildConfigurations = (
				80ABE3331DD6F57C0014F302 /* Debug */,
				80ABE3341DD6F57C0014F302 /* Release */,
			);
			defaultConfigurationIsVisible = 0;
		};
/* End XCConfigurationList section */
	};
	rootObject = 80ABE3131DD6F57C0014F302 /* Project object */;
}
